{
    "_readme": [
        "This file locks the dependencies of your project to a known state",
        "Read more about it at https://getcomposer.org/doc/01-basic-usage.md#installing-dependencies",
        "This file is @generated automatically"
    ],
    "content-hash": "cafa0d735cbbfa707b0e98ed48bf7fed",
    "packages": [
        {
            "name": "nimarya/simple",
            "version": "v1.0.1",
            "source": {
                "type": "git",
                "url": "https://github.com/nimarya/simple.git",
                "reference": "1a7853ec858eb5c52c928972f44837840e77a4fc"
            },
            "dist": {
                "type": "zip",
                "url": "https://api.github.com/repos/nimarya/simple/zipball/1a7853ec858eb5c52c928972f44837840e77a4fc",
                "reference": "1a7853ec858eb5c52c928972f44837840e77a4fc",
                "shasum": ""
            },
            "require": {
                "php": ">=7.4"
            },
            "type": "library",
            "autoload": {
                "psr-4": {
                    "Nimarya\\Simple\\": "src/"
                }
            },
            "notification-url": "https://packagist.org/downloads/",
            "license": [
                "MIT"
            ],
            "description": "my library",
            "support": {
                "issues": "https://github.com/nimarya/simple/issues",
                "source": "https://github.com/nimarya/simple/tree/v1.0.1"
            },
            "time": "2022-06-09T11:50:45+00:00"
        }
    ],
    "packages-dev": [],
    "aliases": [],
    "minimum-stability": "stable",
    "stability-flags": [],
    "prefer-stable": false,
    "prefer-lowest": false,
    "platform": [],
    "platform-dev": [],
    "plugin-api-version": "2.1.0"
}
